
Microsoft Visual Studio Solution File, Format Version 12.00
# Visual Studio Version 17
VisualStudioVersion = 17.0.32002.185
MinimumVisualStudioVersion = 10.0.40219.1
Project("{9A19103F-16F7-4668-BE54-9A1E7A4F7556}") = "Rubika.Package", "Rubika.Package\Rubika.Package.csproj", "{EEEFB529-5931-4234-99EA-55677D6769B0}"
EndProject
Project("{FAE04EC0-301F-11D3-BF4B-00C04F79EFBC}") = "Rubika.Test", "Rubika.Test\Rubika.Test.csproj", "{B0E38371-9009-41F5-A379-6FEA7BE29BE5}"
EndProject
Global
	GlobalSection(SolutionConfigurationPlatforms) = preSolution
		Debug|Any CPU = Debug|Any CPU
		Release|Any CPU = Release|Any CPU
	EndGlobalSection
	GlobalSection(ProjectConfigurationPlatforms) = postSolution
		{EEEFB529-5931-4234-99EA-55677D6769B0}.Debug|Any CPU.ActiveCfg = Debug|Any CPU
		{EEEFB529-5931-4234-99EA-55677D6769B0}.Debug|Any CPU.Build.0 = Debug|Any CPU
		{EEEFB529-5931-4234-99EA-55677D6769B0}.Release|Any CPU.ActiveCfg = Release|Any CPU
		{EEEFB529-5931-4234-99EA-55677D6769B0}.Release|Any CPU.Build.0 = Release|Any CPU
		{B0E38371-9009-41F5-A379-6FEA7BE29BE5}.Debug|Any CPU.ActiveCfg = Debug|Any CPU
		{B0E38371-9009-41F5-A379-6FEA7BE29BE5}.Debug|Any CPU.Build.0 = Debug|Any CPU
		{B0E38371-9009-41F5-A379-6FEA7BE29BE5}.Release|Any CPU.ActiveCfg = Release|Any CPU
		{B0E38371-9009-41F5-A379-6FEA7BE29BE5}.Release|Any CPU.Build.0 = Release|Any CPU
	EndGlobalSection
	GlobalSection(SolutionProperties) = preSolution
		HideSolutionNode = FALSE
	EndGlobalSection
	GlobalSection(ExtensibilityGlobals) = postSolution
		SolutionGuid = {1AE72B6D-51F0-40BD-8A30-2DC566C39734}
	EndGlobalSection
EndGlobal
